
Microsoft Visual Studio Solution File, Format Version 12.00
# Visual Studio 14
VisualStudioVersion = 14.0.23107.0
MinimumVisualStudioVersion = 10.0.40219.1
Project("{FAE04EC0-301F-11D3-BF4B-00C04F79EFBC}") = "Code", "Code\Code.csproj", "{DCEB24C5-A9F5-4656-93F7-FFE6132E409A}"
EndProject
Project("{FAE04EC0-301F-11D3-BF4B-00C04F79EFBC}") = "Website", "Website\Website.csproj", "{38971ED7-CD47-4687-8641-2D412F96222B}"
EndProject
Global
	GlobalSection(SolutionConfigurationPlatforms) = preSolution
		Debug|Any CPU = Debug|Any CPU
		Release|Any CPU = Release|Any CPU
	EndGlobalSection
	GlobalSection(ProjectConfigurationPlatforms) = postSolution
		{DCEB24C5-A9F5-4656-93F7-FFE6132E409A}.Debug|Any CPU.ActiveCfg = Debug|Any CPU
		{DCEB24C5-A9F5-4656-93F7-FFE6132E409A}.Debug|Any CPU.Build.0 = Debug|Any CPU
		{DCEB24C5-A9F5-4656-93F7-FFE6132E409A}.Release|Any CPU.ActiveCfg = Release|Any CPU
		{DCEB24C5-A9F5-4656-93F7-FFE6132E409A}.Release|Any CPU.Build.0 = Release|Any CPU
		{38971ED7-CD47-4687-8641-2D412F96222B}.Debug|Any CPU.ActiveCfg = Debug|Any CPU
		{38971ED7-CD47-4687-8641-2D412F96222B}.Debug|Any CPU.Build.0 = Debug|Any CPU
		{38971ED7-CD47-4687-8641-2D412F96222B}.Release|Any CPU.ActiveCfg = Release|Any CPU
		{38971ED7-CD47-4687-8641-2D412F96222B}.Release|Any CPU.Build.0 = Release|Any CPU
	EndGlobalSection
	GlobalSection(SolutionProperties) = preSolution
		HideSolutionNode = FALSE
	EndGlobalSection
EndGlobal
